{
  "name": "y2k",
  "lockfileVersion": 3,
  "requires": true,
  "packages": {
    "": {
      "dependencies": {
        "98.css": "^0.1.20"
      }
    },
    "node_modules/98.css": {
      "version": "0.1.20",
      "resolved": "https://registry.npmjs.org/98.css/-/98.css-0.1.20.tgz",
      "integrity": "sha512-9oM+AZMfxG59Zz+bnAjIxAX2AKnBPkEJjf84ATto0wUNdRPxV+jhov1rHKe/wl6D0giuWwY603RxwrVVG4v2sA=="
    }
  }
}
